
Microsoft Visual Studio Solution File, Format Version 12.00
# Visual Studio Version 17
VisualStudioVersion = 17.5.33516.290
MinimumVisualStudioVersion = 10.0.40219.1
Project("{FAE04EC0-301F-11D3-BF4B-00C04F79EFBC}") = "CommandPatternTask", "CommandPatternTask\CommandPatternTask.csproj", "{2DBC7715-49CB-45FC-B2DD-169885166728}"
EndProject
Global
	GlobalSection(SolutionConfigurationPlatforms) = preSolution
		Debug|Any CPU = Debug|Any CPU
		Release|Any CPU = Release|Any CPU
	EndGlobalSection
	GlobalSection(ProjectConfigurationPlatforms) = postSolution
		{2DBC7715-49CB-45FC-B2DD-169885166728}.Debug|Any CPU.ActiveCfg = Debug|Any CPU
		{2DBC7715-49CB-45FC-B2DD-169885166728}.Debug|Any CPU.Build.0 = Debug|Any CPU
		{2DBC7715-49CB-45FC-B2DD-169885166728}.Release|Any CPU.ActiveCfg = Release|Any CPU
		{2DBC7715-49CB-45FC-B2DD-169885166728}.Release|Any CPU.Build.0 = Release|Any CPU
	EndGlobalSection
	GlobalSection(SolutionProperties) = preSolution
		HideSolutionNode = FALSE
	EndGlobalSection
	GlobalSection(ExtensibilityGlobals) = postSolution
		SolutionGuid = {6258E4F4-F2C7-47CC-805F-B24F9B9B9962}
	EndGlobalSection
EndGlobal
